PODS:
  - Alamofire (5.5.0)
  - SwiftDate (5.1.0)

DEPENDENCIES:
  - Alamofire (~> 5.5)
  - SwiftDate (~> 5.0)

SPEC REPOS:
  trunk:
    - Alamofire
    - SwiftDate

SPEC CHECKSUMS:
  Alamofire: 1c4fb5369c3fe93d2857c780d8bbe09f06f97e7c
  SwiftDate: 6329e58969a2de31cea7f1ee1143b247693196e7

PODFILE CHECKSUM: e8d1f6d8e4272d526e627b7a4033ad70de2c2eba

COCOAPODS: 1.11.2
